
Microsoft Visual Studio Solution File, Format Version 12.00
# Visual Studio Version 16
VisualStudioVersion = 16.0.29806.167
MinimumVisualStudioVersion = 10.0.40219.1
Project("{FAE04EC0-301F-11D3-BF4B-00C04F79EFBC}") = "consoleNet", "consoleNet.csproj", "{1B32B9B1-580F-467D-B31F-86B29988E8A8}"
EndProject
Global
	GlobalSection(SolutionConfigurationPlatforms) = preSolution
		Debug|Any CPU = Debug|Any CPU
		Release|Any CPU = Release|Any CPU
	EndGlobalSection
	GlobalSection(ProjectConfigurationPlatforms) = postSolution
		{1B32B9B1-580F-467D-B31F-86B29988E8A8}.Debug|Any CPU.ActiveCfg = Debug|Any CPU
		{1B32B9B1-580F-467D-B31F-86B29988E8A8}.Debug|Any CPU.Build.0 = Debug|Any CPU
		{1B32B9B1-580F-467D-B31F-86B29988E8A8}.Release|Any CPU.ActiveCfg = Release|Any CPU
		{1B32B9B1-580F-467D-B31F-86B29988E8A8}.Release|Any CPU.Build.0 = Release|Any CPU
	EndGlobalSection
	GlobalSection(SolutionProperties) = preSolution
		HideSolutionNode = FALSE
	EndGlobalSection
	GlobalSection(ExtensibilityGlobals) = postSolution
		SolutionGuid = {CB939172-00C8-4507-BA99-E71318F8D3F8}
	EndGlobalSection
EndGlobal
